
Microsoft Visual Studio Solution File, Format Version 12.00
# Visual Studio 15
VisualStudioVersion = 15.0.28307.421
MinimumVisualStudioVersion = 10.0.40219.1
Project("{9A19103F-16F7-4668-BE54-9A1E7A4F7556}") = "OdeToFood.Web", "OdeToFood.Web\OdeToFood.Web.csproj", "{E36FF3E2-8D79-4065-AE8C-A85C4D6ABBD7}"
EndProject
Project("{9A19103F-16F7-4668-BE54-9A1E7A4F7556}") = "OdeToFood.Core", "OdeToFood.Core\OdeToFood.Core.csproj", "{13D85BCE-E431-497E-B27A-B4AD02DBFD74}"
EndProject
Project("{9A19103F-16F7-4668-BE54-9A1E7A4F7556}") = "OdeToCode.SharedKernel", "OdeToCode.SharedKernel\OdeToCode.SharedKernel.csproj", "{6352B9A7-8306-45AD-A1DF-607E5EFCF8C8}"
EndProject
Project("{9A19103F-16F7-4668-BE54-9A1E7A4F7556}") = "OdeToFood.Data", "OdeToFood.Data\OdeToFood.Data.csproj", "{8AA8D0BE-D39B-493F-A30E-E0304ECB6E58}"
EndProject
Project("{FAE04EC0-301F-11D3-BF4B-00C04F79EFBC}") = "OdeToFood.Web.CompositionRoot", "OdeToFood.Web.CompositionRoot\OdeToFood.Web.CompositionRoot.csproj", "{72F51DF4-0667-4EF1-811D-2957E25E237B}"
EndProject
Global
	GlobalSection(SolutionConfigurationPlatforms) = preSolution
		Debug|Any CPU = Debug|Any CPU
		Release|Any CPU = Release|Any CPU
	EndGlobalSection
	GlobalSection(ProjectConfigurationPlatforms) = postSolution
		{E36FF3E2-8D79-4065-AE8C-A85C4D6ABBD7}.Debug|Any CPU.ActiveCfg = Debug|Any CPU
		{E36FF3E2-8D79-4065-AE8C-A85C4D6ABBD7}.Debug|Any CPU.Build.0 = Debug|Any CPU
		{E36FF3E2-8D79-4065-AE8C-A85C4D6ABBD7}.Release|Any CPU.ActiveCfg = Release|Any CPU
		{E36FF3E2-8D79-4065-AE8C-A85C4D6ABBD7}.Release|Any CPU.Build.0 = Release|Any CPU
		{13D85BCE-E431-497E-B27A-B4AD02DBFD74}.Debug|Any CPU.ActiveCfg = Debug|Any CPU
		{13D85BCE-E431-497E-B27A-B4AD02DBFD74}.Debug|Any CPU.Build.0 = Debug|Any CPU
		{13D85BCE-E431-497E-B27A-B4AD02DBFD74}.Release|Any CPU.ActiveCfg = Release|Any CPU
		{13D85BCE-E431-497E-B27A-B4AD02DBFD74}.Release|Any CPU.Build.0 = Release|Any CPU
		{6352B9A7-8306-45AD-A1DF-607E5EFCF8C8}.Debug|Any CPU.ActiveCfg = Debug|Any CPU
		{6352B9A7-8306-45AD-A1DF-607E5EFCF8C8}.Debug|Any CPU.Build.0 = Debug|Any CPU
		{6352B9A7-8306-45AD-A1DF-607E5EFCF8C8}.Release|Any CPU.ActiveCfg = Release|Any CPU
		{6352B9A7-8306-45AD-A1DF-607E5EFCF8C8}.Release|Any CPU.Build.0 = Release|Any CPU
		{8AA8D0BE-D39B-493F-A30E-E0304ECB6E58}.Debug|Any CPU.ActiveCfg = Debug|Any CPU
		{8AA8D0BE-D39B-493F-A30E-E0304ECB6E58}.Debug|Any CPU.Build.0 = Debug|Any CPU
		{8AA8D0BE-D39B-493F-A30E-E0304ECB6E58}.Release|Any CPU.ActiveCfg = Release|Any CPU
		{8AA8D0BE-D39B-493F-A30E-E0304ECB6E58}.Release|Any CPU.Build.0 = Release|Any CPU
		{72F51DF4-0667-4EF1-811D-2957E25E237B}.Debug|Any CPU.ActiveCfg = Debug|Any CPU
		{72F51DF4-0667-4EF1-811D-2957E25E237B}.Debug|Any CPU.Build.0 = Debug|Any CPU
		{72F51DF4-0667-4EF1-811D-2957E25E237B}.Release|Any CPU.ActiveCfg = Release|Any CPU
		{72F51DF4-0667-4EF1-811D-2957E25E237B}.Release|Any CPU.Build.0 = Release|Any CPU
	EndGlobalSection
	GlobalSection(SolutionProperties) = preSolution
		HideSolutionNode = FALSE
	EndGlobalSection
	GlobalSection(ExtensibilityGlobals) = postSolution
		SolutionGuid = {A448037E-76B0-4A6F-B473-59ED000065C2}
	EndGlobalSection
EndGlobal
